uuid: a25f18e7-360c-4be0-bf0c-c20dfdc370bd
langcode: en
status: true
dependencies:
  module:
    - react_components
  theme:
    - olivero
id: olivero_reactblock
theme: olivero
region: content
weight: 0
provider: null
plugin: react_block
settings:
  id: react_block
  label: 'React block'
  label_display: visible
  provider: react_components
  component_type: hello_world
  component_title: asdf
visibility: {  }
