uuid: 8ccd1a2c-d29e-418c-ba96-074ddb281d33
langcode: en
status: true
dependencies:
  module:
    - react_components
  theme:
    - weightvest_running
id: weightvest_running_reactblock
theme: weightvest_running
region: modals_region
weight: -14
provider: null
plugin: react_block
settings:
  id: react_block
  label: 'React block - Slideout Menu'
  label_display: '0'
  provider: react_components
  component_type: slideout_menu
  component_title: 'Slideout Menu'
visibility: {  }
